
Microsoft Visual Studio Solution File, Format Version 12.00
# Visual Studio 15
VisualStudioVersion = 15.0.27703.2035
MinimumVisualStudioVersion = 10.0.40219.1
Project("{FAE04EC0-301F-11D3-BF4B-00C04F79EFBC}") = "ControleEPI.MODEL", "ControleEPI.MODEL\ControleEPI.MODEL.csproj", "{F1368BC6-023E-478E-B2EF-B6352A7DF64A}"
EndProject
Project("{FAE04EC0-301F-11D3-BF4B-00C04F79EFBC}") = "ControleEPI.VIEW", "ControleEPI.VIEW\ControleEPI.VIEW.csproj", "{E6E66B48-51D3-4A60-B7E2-9C9D3417D46A}"
EndProject
Global
	GlobalSection(SolutionConfigurationPlatforms) = preSolution
		Debug|Any CPU = Debug|Any CPU
		Release|Any CPU = Release|Any CPU
	EndGlobalSection
	GlobalSection(ProjectConfigurationPlatforms) = postSolution
		{F1368BC6-023E-478E-B2EF-B6352A7DF64A}.Debug|Any CPU.ActiveCfg = Debug|Any CPU
		{F1368BC6-023E-478E-B2EF-B6352A7DF64A}.Debug|Any CPU.Build.0 = Debug|Any CPU
		{F1368BC6-023E-478E-B2EF-B6352A7DF64A}.Release|Any CPU.ActiveCfg = Release|Any CPU
		{F1368BC6-023E-478E-B2EF-B6352A7DF64A}.Release|Any CPU.Build.0 = Release|Any CPU
		{E6E66B48-51D3-4A60-B7E2-9C9D3417D46A}.Debug|Any CPU.ActiveCfg = Debug|Any CPU
		{E6E66B48-51D3-4A60-B7E2-9C9D3417D46A}.Debug|Any CPU.Build.0 = Debug|Any CPU
		{E6E66B48-51D3-4A60-B7E2-9C9D3417D46A}.Release|Any CPU.ActiveCfg = Release|Any CPU
		{E6E66B48-51D3-4A60-B7E2-9C9D3417D46A}.Release|Any CPU.Build.0 = Release|Any CPU
	EndGlobalSection
	GlobalSection(SolutionProperties) = preSolution
		HideSolutionNode = FALSE
	EndGlobalSection
	GlobalSection(ExtensibilityGlobals) = postSolution
		SolutionGuid = {689628C2-973C-4634-8234-6AB0BF59E8E2}
	EndGlobalSection
EndGlobal
